
Microsoft Visual Studio Solution File, Format Version 12.00
# Visual Studio Version 17
VisualStudioVersion = 17.9.34728.123
MinimumVisualStudioVersion = 10.0.40219.1
Project("{FAE04EC0-301F-11D3-BF4B-00C04F79EFBC}") = "Exam", "Exam\Exam\Exam.csproj", "{4FD77B46-79C7-4379-BB63-C369C872CBAC}"
EndProject
Global
	GlobalSection(SolutionConfigurationPlatforms) = preSolution
		Debug|Any CPU = Debug|Any CPU
		Release|Any CPU = Release|Any CPU
	EndGlobalSection
	GlobalSection(ProjectConfigurationPlatforms) = postSolution
		{4FD77B46-79C7-4379-BB63-C369C872CBAC}.Debug|Any CPU.ActiveCfg = Debug|Any CPU
		{4FD77B46-79C7-4379-BB63-C369C872CBAC}.Debug|Any CPU.Build.0 = Debug|Any CPU
		{4FD77B46-79C7-4379-BB63-C369C872CBAC}.Release|Any CPU.ActiveCfg = Release|Any CPU
		{4FD77B46-79C7-4379-BB63-C369C872CBAC}.Release|Any CPU.Build.0 = Release|Any CPU
	EndGlobalSection
	GlobalSection(SolutionProperties) = preSolution
		HideSolutionNode = FALSE
	EndGlobalSection
	GlobalSection(ExtensibilityGlobals) = postSolution
		SolutionGuid = {F9214D8D-2945-4B29-B05B-570E0BADC453}
	EndGlobalSection
EndGlobal
